Microsoft Visual Studio Solution File, Format Version 12.00
# Visual Studio Version 17
VisualStudioVersion = 17.5.2.0
MinimumVisualStudioVersion = 10.0.40219.1
Project("{FAE04EC0-301F-11D3-BF4B-00C04F79EFBC}") = "monogametest", "monogametest.csproj", "{317FDC3E-BA74-89A0-7278-117AC6CD24B5}"
EndProject
Project("{FAE04EC0-301F-11D3-BF4B-00C04F79EFBC}") = "monogamelibrary", "monogamelibrary\monogamelibrary.csproj", "{AA7005F9-0432-4207-8ACB-DF6FC16199AF}"
EndProject
Global
	GlobalSection(SolutionConfigurationPlatforms) = preSolution
		Debug|Any CPU = Debug|Any CPU
		Release|Any CPU = Release|Any CPU
	EndGlobalSection
	GlobalSection(ProjectConfigurationPlatforms) = postSolution
		{317FDC3E-BA74-89A0-7278-117AC6CD24B5}.Debug|Any CPU.ActiveCfg = Debug|Any CPU
		{317FDC3E-BA74-89A0-7278-117AC6CD24B5}.Debug|Any CPU.Build.0 = Debug|Any CPU
		{317FDC3E-BA74-89A0-7278-117AC6CD24B5}.Release|Any CPU.ActiveCfg = Release|Any CPU
		{317FDC3E-BA74-89A0-7278-117AC6CD24B5}.Release|Any CPU.Build.0 = Release|Any CPU
		{AA7005F9-0432-4207-8ACB-DF6FC16199AF}.Debug|Any CPU.ActiveCfg = Debug|Any CPU
		{AA7005F9-0432-4207-8ACB-DF6FC16199AF}.Debug|Any CPU.Build.0 = Debug|Any CPU
		{AA7005F9-0432-4207-8ACB-DF6FC16199AF}.Release|Any CPU.ActiveCfg = Release|Any CPU
		{AA7005F9-0432-4207-8ACB-DF6FC16199AF}.Release|Any CPU.Build.0 = Release|Any CPU
	EndGlobalSection
	GlobalSection(SolutionProperties) = preSolution
		HideSolutionNode = FALSE
	EndGlobalSection
	GlobalSection(ExtensibilityGlobals) = postSolution
		SolutionGuid = {F807530C-F936-4A68-9D25-0C091578B304}
	EndGlobalSection
EndGlobal
